// !$*UTF8*$!
{
	archiveVersion = 1;
	classes = {
	};
	objectVersion = 77;
	objects = {

/* Begin PBXBuildFile section */
		A0B0C0D0E0F1000000000001 /* COPYING in Resources */ = {isa = PBXBuildFile; fileRef = A0B0C0D0E0F0000000000001 /* COPYING */; };
		A0B0C0D0E0F1000000000002 /* THIRD-PARTY-NOTICES.txt in Resources */ = {isa = PBXBuildFile; fileRef = A0B0C0D0E0F0000000000002 /* THIRD-PARTY-NOTICES.txt */; };
		A0B0C0D0E0F1000000000003 /* TreeMapView-1.0-readme.rtf in Resources */ = {isa = PBXBuildFile; fileRef = A0B0C0D0E0F0000000000003 /* TreeMapView-1.0-readme.rtf */; };
		A0B0C0D0E0F1000000000004 /* TreeMapView-1.0-GPL.txt in Resources */ = {isa = PBXBuildFile; fileRef = A0B0C0D0E0F0000000000004 /* TreeMapView-1.0-GPL.txt */; };
/* End PBXBuildFile section */

/* Begin PBXContainerItemProxy section */
		51CD97102FF09A6800A37403 /* PBXContainerItemProxy */ = {
			isa = PBXContainerItemProxy;
			containerPortal = 51CD96FA2FF09A6500A37403 /* Project object */;
			proxyType = 1;
			remoteGlobalIDString = 51CD97012FF09A6500A37403;
			remoteInfo = disk_hog;
		};
		51CD971A2FF09A6800A37403 /* PBXContainerItemProxy */ = {
			isa = PBXContainerItemProxy;
			containerPortal = 51CD96FA2FF09A6500A37403 /* Project object */;
			proxyType = 1;
			remoteGlobalIDString = 51CD97012FF09A6500A37403;
			remoteInfo = disk_hog;
		};
/* End PBXContainerItemProxy section */

/* Begin PBXFileReference section */
		A0B0C0D0E0F0000000000001 /* COPYING */ = {isa = PBXFileReference; lastKnownFileType = text; name = "COPYING"; path = "COPYING"; sourceTree = "<group>"; };
		A0B0C0D0E0F0000000000002 /* THIRD-PARTY-NOTICES.txt */ = {isa = PBXFileReference; lastKnownFileType = text; name = "THIRD-PARTY-NOTICES.txt"; path = "THIRD-PARTY-NOTICES.txt"; sourceTree = "<group>"; };
		A0B0C0D0E0F0000000000003 /* TreeMapView-1.0-readme.rtf */ = {isa = PBXFileReference; lastKnownFileType = text.rtf; name = "TreeMapView-1.0-readme.rtf"; path = "docs/licensing/upstream/TreeMapView-1.0-readme.rtf"; sourceTree = "<group>"; };
		A0B0C0D0E0F0000000000004 /* TreeMapView-1.0-GPL.txt */ = {isa = PBXFileReference; lastKnownFileType = text; name = "TreeMapView-1.0-GPL.txt"; path = "docs/licensing/upstream/TreeMapView-1.0-GPL.txt"; sourceTree = "<group>"; };
		51CD97022FF09A6500A37403 /* disk_hog.app */ = {isa = PBXFileReference; explicitFileType = wrapper.application; includeInIndex = 0; path = disk_hog.app; sourceTree = BUILT_PRODUCTS_DIR; };
		51CD970F2FF09A6800A37403 /* disk_hogTests.xctest */ = {isa = PBXFileReference; explicitFileType = wrapper.cfbundle; includeInIndex = 0; path = disk_hogTests.xctest; sourceTree = BUILT_PRODUCTS_DIR; };
		51CD97192FF09A6800A37403 /* disk_hogUITests.xctest */ = {isa = PBXFileReference; explicitFileType = wrapper.cfbundle; includeInIndex = 0; path = disk_hogUITests.xctest; sourceTree = BUILT_PRODUCTS_DIR; };
/* End PBXFileReference section */

/* Begin PBXFileSystemSynchronizedRootGroup section */
		51CD97042FF09A6500A37403 /* disk_hog */ = {
			isa = PBXFileSystemSynchronizedRootGroup;
			path = disk_hog;
			sourceTree = "<group>";
		};
		51CD97122FF09A6800A37403 /* disk_hogTests */ = {
			isa = PBXFileSystemSynchronizedRootGroup;
			path = disk_hogTests;
			sourceTree = "<group>";
		};
		51CD971C2FF09A6800A37403 /* disk_hogUITests */ = {
			isa = PBXFileSystemSynchronizedRootGroup;
			path = disk_hogUITests;
			sourceTree = "<group>";
		};
/* End PBXFileSystemSynchronizedRootGroup section */

/* Begin PBXFrameworksBuildPhase section */
		51CD96FF2FF09A6500A37403 /* Frameworks */ = {
			isa = PBXFrameworksBuildPhase;
			buildActionMask = 2147483647;
			files = (
			);
			runOnlyForDeploymentPostprocessing = 0;
		};
		51CD970C2FF09A6800A37403 /* Frameworks */ = {
			isa = PBXFrameworksBuildPhase;
			buildActionMask = 2147483647;
			files = (
			);
			runOnlyForDeploymentPostprocessing = 0;
		};
		51CD97162FF09A6800A37403 /* Frameworks */ = {
			isa = PBXFrameworksBuildPhase;
			buildActionMask = 2147483647;
			files = (
			);
			runOnlyForDeploymentPostprocessing = 0;
		};
/* End PBXFrameworksBuildPhase section */

/* Begin PBXGroup section */
		51CD96F92FF09A6500A37403 = {
			isa = PBXGroup;
			children = (
				A0B0C0D0E0F0000000000001 /* COPYING */,
				A0B0C0D0E0F0000000000002 /* THIRD-PARTY-NOTICES.txt */,
				A0B0C0D0E0F0000000000003 /* TreeMapView-1.0-readme.rtf */,
				A0B0C0D0E0F0000000000004 /* TreeMapView-1.0-GPL.txt */,
				51CD97042FF09A6500A37403 /* disk_hog */,
				51CD97122FF09A6800A37403 /* disk_hogTests */,
				51CD971C2FF09A6800A37403 /* disk_hogUITests */,
				51CD97032FF09A6500A37403 /* Products */,
			);
			sourceTree = "<group>";
		};
		51CD97032FF09A6500A37403 /* Products */ = {
			isa = PBXGroup;
			children = (
				51CD97022FF09A6500A37403 /* disk_hog.app */,
				51CD970F2FF09A6800A37403 /* disk_hogTests.xctest */,
				51CD97192FF09A6800A37403 /* disk_hogUITests.xctest */,
			);
			name = Products;
			sourceTree = "<group>";
		};
/* End PBXGroup section */

/* Begin PBXNativeTarget section */
		51CD97012FF09A6500A37403 /* disk_hog */ = {
			isa = PBXNativeTarget;
			buildConfigurationList = 51CD97232FF09A6800A37403 /* Build configuration list for PBXNativeTarget "disk_hog" */;
			buildPhases = (
				51CD96FE2FF09A6500A37403 /* Sources */,
				51CD96FF2FF09A6500A37403 /* Frameworks */,
				51CD97002FF09A6500A37403 /* Resources */,
			);
			buildRules = (
			);
			dependencies = (
			);
			fileSystemSynchronizedGroups = (
				51CD97042FF09A6500A37403 /* disk_hog */,
			);
			name = disk_hog;
			packageProductDependencies = (
			);
			productName = disk_hog;
			productReference = 51CD97022FF09A6500A37403 /* disk_hog.app */;
			productType = "com.apple.product-type.application";
		};
		51CD970E2FF09A6800A37403 /* disk_hogTests */ = {
			isa = PBXNativeTarget;
			buildConfigurationList = 51CD97262FF09A6800A37403 /* Build configuration list for PBXNativeTarget "disk_hogTests" */;
			buildPhases = (
				51CD970B2FF09A6800A37403 /* Sources */,
				51CD970C2FF09A6800A37403 /* Frameworks */,
				51CD970D2FF09A6800A37403 /* Resources */,
			);
			buildRules = (
			);
			dependencies = (
				51CD97112FF09A6800A37403 /* PBXTargetDependency */,
			);
			fileSystemSynchronizedGroups = (
				51CD97122FF09A6800A37403 /* disk_hogTests */,
			);
			name = disk_hogTests;
			packageProductDependencies = (
			);
			productName = disk_hogTests;
			productReference = 51CD970F2FF09A6800A37403 /* disk_hogTests.xctest */;
			productType = "com.apple.product-type.bundle.unit-test";
		};
		51CD97182FF09A6800A37403 /* disk_hogUITests */ = {
			isa = PBXNativeTarget;
			buildConfigurationList = 51CD97292FF09A6800A37403 /* Build configuration list for PBXNativeTarget "disk_hogUITests" */;
			buildPhases = (
				51CD97152FF09A6800A37403 /* Sources */,
				51CD97162FF09A6800A37403 /* Frameworks */,
				51CD97172FF09A6800A37403 /* Resources */,
			);
			buildRules = (
			);
			dependencies = (
				51CD971B2FF09A6800A37403 /* PBXTargetDependency */,
			);
			fileSystemSynchronizedGroups = (
				51CD971C2FF09A6800A37403 /* disk_hogUITests */,
			);
			name = disk_hogUITests;
			packageProductDependencies = (
			);
			productName = disk_hogUITests;
			productReference = 51CD97192FF09A6800A37403 /* disk_hogUITests.xctest */;
			productType = "com.apple.product-type.bundle.ui-testing";
		};
/* End PBXNativeTarget section */

/* Begin PBXProject section */
		51CD96FA2FF09A6500A37403 /* Project object */ = {
			isa = PBXProject;
			attributes = {
				BuildIndependentTargetsInParallel = 1;
				LastSwiftUpdateCheck = 2630;
				LastUpgradeCheck = 2630;
				TargetAttributes = {
					51CD97012FF09A6500A37403 = {
						CreatedOnToolsVersion = 26.3;
					};
					51CD970E2FF09A6800A37403 = {
						CreatedOnToolsVersion = 26.3;
						TestTargetID = 51CD97012FF09A6500A37403;
					};
					51CD97182FF09A6800A37403 = {
						CreatedOnToolsVersion = 26.3;
						TestTargetID = 51CD97012FF09A6500A37403;
					};
				};
			};
			buildConfigurationList = 51CD96FD2FF09A6500A37403 /* Build configuration list for PBXProject "disk_hog" */;
			developmentRegion = en;
			hasScannedForEncodings = 0;
			knownRegions = (
				de,
				en,
				es,
				fr,
				it,
				Base,
			);
			mainGroup = 51CD96F92FF09A6500A37403;
			minimizedProjectReferenceProxies = 1;
			preferredProjectObjectVersion = 77;
			productRefGroup = 51CD97032FF09A6500A37403 /* Products */;
			projectDirPath = "";
			projectRoot = "";
			targets = (
				51CD97012FF09A6500A37403 /* disk_hog */,
				51CD970E2FF09A6800A37403 /* disk_hogTests */,
				51CD97182FF09A6800A37403 /* disk_hogUITests */,
			);
		};
/* End PBXProject section */

/* Begin PBXResourcesBuildPhase section */
		51CD97002FF09A6500A37403 /* Resources */ = {
			isa = PBXResourcesBuildPhase;
			buildActionMask = 2147483647;
			files = (
				A0B0C0D0E0F1000000000001 /* COPYING in Resources */,
				A0B0C0D0E0F1000000000002 /* THIRD-PARTY-NOTICES.txt in Resources */,
				A0B0C0D0E0F1000000000003 /* TreeMapView-1.0-readme.rtf in Resources */,
				A0B0C0D0E0F1000000000004 /* TreeMapView-1.0-GPL.txt in Resources */,
			);
			runOnlyForDeploymentPostprocessing = 0;
		};
		51CD970D2FF09A6800A37403 /* Resources */ = {
			isa = PBXResourcesBuildPhase;
			buildActionMask = 2147483647;
			files = (
			);
			runOnlyForDeploymentPostprocessing = 0;
		};
		51CD97172FF09A6800A37403 /* Resources */ = {
			isa = PBXResourcesBuildPhase;
			buildActionMask = 2147483647;
			files = (
			);
			runOnlyForDeploymentPostprocessing = 0;
		};
/* End PBXResourcesBuildPhase section */

/* Begin PBXSourcesBuildPhase section */
		51CD96FE2FF09A6500A37403 /* Sources */ = {
			isa = PBXSourcesBuildPhase;
			buildActionMask = 2147483647;
			files = (
			);
			runOnlyForDeploymentPostprocessing = 0;
		};
		51CD970B2FF09A6800A37403 /* Sources */ = {
			isa = PBXSourcesBuildPhase;
			buildActionMask = 2147483647;
			files = (
			);
			runOnlyForDeploymentPostprocessing = 0;
		};
		51CD97152FF09A6800A37403 /* Sources */ = {
			isa = PBXSourcesBuildPhase;
			buildActionMask = 2147483647;
			files = (
			);
			runOnlyForDeploymentPostprocessing = 0;
		};
/* End PBXSourcesBuildPhase section */

/* Begin PBXTargetDependency section */
		51CD97112FF09A6800A37403 /* PBXTargetDependency */ = {
			isa = PBXTargetDependency;
			target = 51CD97012FF09A6500A37403 /* disk_hog */;
			targetProxy = 51CD97102FF09A6800A37403 /* PBXContainerItemProxy */;
		};
		51CD971B2FF09A6800A37403 /* PBXTargetDependency */ = {
			isa = PBXTargetDependency;
			target = 51CD97012FF09A6500A37403 /* disk_hog */;
			targetProxy = 51CD971A2FF09A6800A37403 /* PBXContainerItemProxy */;
		};
/* End PBXTargetDependency section */

/* Begin XCBuildConfiguration section */
		51CD97212FF09A6800A37403 /* Debug */ = {
			isa = XCBuildConfiguration;
			buildSettings = {
				ALWAYS_SEARCH_USER_PATHS = NO;
				ASSETCATALOG_COMPILER_GENERATE_SWIFT_ASSET_SYMBOL_EXTENSIONS = YES;
				CLANG_ANALYZER_NONNULL = YES;
				CLANG_ANALYZER_NUMBER_OBJECT_CONVERSION = YES_AGGRESSIVE;
				CLANG_CXX_LANGUAGE_STANDARD = "gnu++20";
				CLANG_ENABLE_MODULES = YES;
				CLANG_ENABLE_OBJC_ARC = YES;
				CLANG_ENABLE_OBJC_WEAK = YES;
				CLANG_WARN_BLOCK_CAPTURE_AUTORELEASING = YES;
				CLANG_WARN_BOOL_CONVERSION = YES;
				CLANG_WARN_COMMA = YES;
				CLANG_WARN_CONSTANT_CONVERSION = YES;
				CLANG_WARN_DEPRECATED_OBJC_IMPLEMENTATIONS = YES;
				CLANG_WARN_DIRECT_OBJC_ISA_USAGE = YES_ERROR;
				CLANG_WARN_DOCUMENTATION_COMMENTS = YES;
				CLANG_WARN_EMPTY_BODY = YES;
				CLANG_WARN_ENUM_CONVERSION = YES;
				CLANG_WARN_INFINITE_RECURSION = YES;
				CLANG_WARN_INT_CONVERSION = YES;
				CLANG_WARN_NON_LITERAL_NULL_CONVERSION = YES;
				CLANG_WARN_OBJC_IMPLICIT_RETAIN_SELF = YES;
				CLANG_WARN_OBJC_LITERAL_CONVERSION = YES;
				CLANG_WARN_OBJC_ROOT_CLASS = YES_ERROR;
				CLANG_WARN_QUOTED_INCLUDE_IN_FRAMEWORK_HEADER = YES;
				CLANG_WARN_RANGE_LOOP_ANALYSIS = YES;
				CLANG_WARN_STRICT_PROTOTYPES = YES;
				CLANG_WARN_SUSPICIOUS_MOVE = YES;
				CLANG_WARN_UNGUARDED_AVAILABILITY = YES_AGGRESSIVE;
				CLANG_WARN_UNREACHABLE_CODE = YES;
				CLANG_WARN__DUPLICATE_METHOD_MATCH = YES;
				COPY_PHASE_STRIP = NO;
				DEBUG_INFORMATION_FORMAT = dwarf;
				DEVELOPMENT_TEAM = YC7DSJ848Y;
				ENABLE_STRICT_OBJC_MSGSEND = YES;
				ENABLE_TESTABILITY = YES;
				ENABLE_USER_SCRIPT_SANDBOXING = YES;
				GCC_C_LANGUAGE_STANDARD = gnu17;
				GCC_DYNAMIC_NO_PIC = NO;
				GCC_NO_COMMON_BLOCKS = YES;
				GCC_OPTIMIZATION_LEVEL = 0;
				GCC_PREPROCESSOR_DEFINITIONS = (
					"DEBUG=1",
					"$(inherited)",
				);
				GCC_WARN_64_TO_32_BIT_CONVERSION = YES;
				GCC_WARN_ABOUT_RETURN_TYPE = YES_ERROR;
				GCC_WARN_UNDECLARED_SELECTOR = YES;
				GCC_WARN_UNINITIALIZED_AUTOS = YES_AGGRESSIVE;
				GCC_WARN_UNUSED_FUNCTION = YES;
				GCC_WARN_UNUSED_VARIABLE = YES;
				LOCALIZATION_PREFERS_STRING_CATALOGS = YES;
				MACOSX_DEPLOYMENT_TARGET = 15.7;
				MTL_ENABLE_DEBUG_INFO = INCLUDE_SOURCE;
				MTL_FAST_MATH = YES;
				ONLY_ACTIVE_ARCH = YES;
				SDKROOT = macosx;
				SWIFT_ACTIVE_COMPILATION_CONDITIONS = "DEBUG $(inherited)";
				SWIFT_OPTIMIZATION_LEVEL = "-Onone";
			};
			name = Debug;
		};
		51CD97222FF09A6800A37403 /* Release */ = {
			isa = XCBuildConfiguration;
			buildSettings = {
				ALWAYS_SEARCH_USER_PATHS = NO;
				ASSETCATALOG_COMPILER_GENERATE_SWIFT_ASSET_SYMBOL_EXTENSIONS = YES;
				CLANG_ANALYZER_NONNULL = YES;
				CLANG_ANALYZER_NUMBER_OBJECT_CONVERSION = YES_AGGRESSIVE;
				CLANG_CXX_LANGUAGE_STANDARD = "gnu++20";
				CLANG_ENABLE_MODULES = YES;
				CLANG_ENABLE_OBJC_ARC = YES;
				CLANG_ENABLE_OBJC_WEAK = YES;
				CLANG_WARN_BLOCK_CAPTURE_AUTORELEASING = YES;
				CLANG_WARN_BOOL_CONVERSION = YES;
				CLANG_WARN_COMMA = YES;
				CLANG_WARN_CONSTANT_CONVERSION = YES;
				CLANG_WARN_DEPRECATED_OBJC_IMPLEMENTATIONS = YES;
				CLANG_WARN_DIRECT_OBJC_ISA_USAGE = YES_ERROR;
				CLANG_WARN_DOCUMENTATION_COMMENTS = YES;
				CLANG_WARN_EMPTY_BODY = YES;
				CLANG_WARN_ENUM_CONVERSION = YES;
				CLANG_WARN_INFINITE_RECURSION = YES;
				CLANG_WARN_INT_CONVERSION = YES;
				CLANG_WARN_NON_LITERAL_NULL_CONVERSION = YES;
				CLANG_WARN_OBJC_IMPLICIT_RETAIN_SELF = YES;
				CLANG_WARN_OBJC_LITERAL_CONVERSION = YES;
				CLANG_WARN_OBJC_ROOT_CLASS = YES_ERROR;
				CLANG_WARN_QUOTED_INCLUDE_IN_FRAMEWORK_HEADER = YES;
				CLANG_WARN_RANGE_LOOP_ANALYSIS = YES;
				CLANG_WARN_STRICT_PROTOTYPES = YES;
				CLANG_WARN_SUSPICIOUS_MOVE = YES;
				CLANG_WARN_UNGUARDED_AVAILABILITY = YES_AGGRESSIVE;
				CLANG_WARN_UNREACHABLE_CODE = YES;
				CLANG_WARN__DUPLICATE_METHOD_MATCH = YES;
				COPY_PHASE_STRIP = NO;
				DEBUG_INFORMATION_FORMAT = "dwarf-with-dsym";
				DEVELOPMENT_TEAM = YC7DSJ848Y;
				ENABLE_NS_ASSERTIONS = NO;
				ENABLE_STRICT_OBJC_MSGSEND = YES;
				ENABLE_USER_SCRIPT_SANDBOXING = YES;
				GCC_C_LANGUAGE_STANDARD = gnu17;
				GCC_NO_COMMON_BLOCKS = YES;
				GCC_WARN_64_TO_32_BIT_CONVERSION = YES;
				GCC_WARN_ABOUT_RETURN_TYPE = YES_ERROR;
				GCC_WARN_UNDECLARED_SELECTOR = YES;
				GCC_WARN_UNINITIALIZED_AUTOS = YES_AGGRESSIVE;
				GCC_WARN_UNUSED_FUNCTION = YES;
				GCC_WARN_UNUSED_VARIABLE = YES;
				LOCALIZATION_PREFERS_STRING_CATALOGS = YES;
				MACOSX_DEPLOYMENT_TARGET = 15.7;
				MTL_ENABLE_DEBUG_INFO = NO;
				MTL_FAST_MATH = YES;
				SDKROOT = macosx;
				SWIFT_COMPILATION_MODE = wholemodule;
			};
			name = Release;
		};
		51CD97242FF09A6800A37403 /* Debug */ = {
			isa = XCBuildConfiguration;
			buildSettings = {
				ASSETCATALOG_COMPILER_APPICON_NAME = AppIcon;
				ASSETCATALOG_COMPILER_GLOBAL_ACCENT_COLOR_NAME = AccentColor;
				CODE_SIGN_STYLE = Manual;
				CODE_SIGN_IDENTITY = "Developer ID Application: Utility Belt Software LLC (YC7DSJ848Y)";
				COMBINE_HIDPI_IMAGES = YES;
				CURRENT_PROJECT_VERSION = 1;
				DEVELOPMENT_TEAM = YC7DSJ848Y;
				ENABLE_APP_SANDBOX = NO;
				ENABLE_HARDENED_RUNTIME = YES;
				ENABLE_PREVIEWS = YES;
				ENABLE_USER_SELECTED_FILES = readwrite;
				GENERATE_INFOPLIST_FILE = YES;
				INFOPLIST_KEY_LSApplicationCategoryType = "public.app-category.productivity";
				INFOPLIST_KEY_NSHumanReadableCopyright = "";
				LD_RUNPATH_SEARCH_PATHS = (
					"$(inherited)",
					"@executable_path/../Frameworks",
				);
				MACOSX_DEPLOYMENT_TARGET = 14.6;
				MARKETING_VERSION = 1.0;
				"OTHER_SWIFT_FLAGS[arch=*]" = "-DSCAN_PERFORMANCE_PROFILING -DFILE_MATCHING_DIAGNOSTICS";
				DISKHOG_APP_BUNDLE_IDENTIFIER = software.utilitybelt.diskhog.development;
				INFOPLIST_KEY_CFBundleDisplayName = "Disk Hog Development";
				PRODUCT_BUNDLE_IDENTIFIER = "$(DISKHOG_APP_BUNDLE_IDENTIFIER)";
				PRODUCT_NAME = "$(TARGET_NAME)";
				REGISTER_APP_GROUPS = YES;
				STRING_CATALOG_GENERATE_SYMBOLS = YES;
				SWIFT_APPROACHABLE_CONCURRENCY = YES;
				SWIFT_DEFAULT_ACTOR_ISOLATION = MainActor;
				SWIFT_EMIT_LOC_STRINGS = YES;
				SWIFT_UPCOMING_FEATURE_MEMBER_IMPORT_VISIBILITY = YES;
				SWIFT_VERSION = 5.0;
			};
			name = Debug;
		};
		51CD97252FF09A6800A37403 /* Release */ = {
			isa = XCBuildConfiguration;
			buildSettings = {
				ASSETCATALOG_COMPILER_APPICON_NAME = AppIcon;
				ASSETCATALOG_COMPILER_GLOBAL_ACCENT_COLOR_NAME = AccentColor;
				CODE_SIGN_STYLE = Manual;
				CODE_SIGN_IDENTITY = "Developer ID Application: Utility Belt Software LLC (YC7DSJ848Y)";
				COMBINE_HIDPI_IMAGES = YES;
				CURRENT_PROJECT_VERSION = 1;
				DEVELOPMENT_TEAM = YC7DSJ848Y;
				ENABLE_APP_SANDBOX = NO;
				ENABLE_HARDENED_RUNTIME = YES;
				ENABLE_PREVIEWS = YES;
				ENABLE_USER_SELECTED_FILES = readwrite;
				GENERATE_INFOPLIST_FILE = YES;
				INFOPLIST_KEY_LSApplicationCategoryType = "public.app-category.productivity";
				INFOPLIST_KEY_NSHumanReadableCopyright = "";
				LD_RUNPATH_SEARCH_PATHS = (
					"$(inherited)",
					"@executable_path/../Frameworks",
				);
				MACOSX_DEPLOYMENT_TARGET = 14.6;
				MARKETING_VERSION = 1.0;
				DISKHOG_APP_BUNDLE_IDENTIFIER = software.utilitybelt.diskhog;
				PRODUCT_BUNDLE_IDENTIFIER = "$(DISKHOG_APP_BUNDLE_IDENTIFIER)";
				PRODUCT_NAME = "$(TARGET_NAME)";
				REGISTER_APP_GROUPS = YES;
				STRING_CATALOG_GENERATE_SYMBOLS = YES;
				SWIFT_APPROACHABLE_CONCURRENCY = YES;
				SWIFT_DEFAULT_ACTOR_ISOLATION = MainActor;
				SWIFT_EMIT_LOC_STRINGS = YES;
				SWIFT_UPCOMING_FEATURE_MEMBER_IMPORT_VISIBILITY = YES;
				SWIFT_VERSION = 5.0;
			};
			name = Release;
		};
		51CD97272FF09A6800A37403 /* Debug */ = {
			isa = XCBuildConfiguration;
			buildSettings = {
				BUNDLE_LOADER = "$(TEST_HOST)";
				CODE_SIGN_STYLE = Manual;
				CODE_SIGN_IDENTITY = "Developer ID Application: Utility Belt Software LLC (YC7DSJ848Y)";
				CURRENT_PROJECT_VERSION = 1;
				DEVELOPMENT_TEAM = YC7DSJ848Y;
				GENERATE_INFOPLIST_FILE = YES;
				MACOSX_DEPLOYMENT_TARGET = 15.7;
				MARKETING_VERSION = 1.0;
				PRODUCT_BUNDLE_IDENTIFIER = "software.utilitybelt.diskhog.disk-hogTests";
				PRODUCT_NAME = "$(TARGET_NAME)";
				STRING_CATALOG_GENERATE_SYMBOLS = NO;
				SWIFT_APPROACHABLE_CONCURRENCY = YES;
				SWIFT_EMIT_LOC_STRINGS = NO;
				SWIFT_UPCOMING_FEATURE_MEMBER_IMPORT_VISIBILITY = YES;
				SWIFT_VERSION = 5.0;
				TEST_HOST = "$(BUILT_PRODUCTS_DIR)/disk_hog.app/$(BUNDLE_EXECUTABLE_FOLDER_PATH)/disk_hog";
			};
			name = Debug;
		};
		51CD97282FF09A6800A37403 /* Release */ = {
			isa = XCBuildConfiguration;
			buildSettings = {
				BUNDLE_LOADER = "$(TEST_HOST)";
				CODE_SIGN_STYLE = Manual;
				CODE_SIGN_IDENTITY = "Developer ID Application: Utility Belt Software LLC (YC7DSJ848Y)";
				CURRENT_PROJECT_VERSION = 1;
				DEVELOPMENT_TEAM = YC7DSJ848Y;
				GENERATE_INFOPLIST_FILE = YES;
				MACOSX_DEPLOYMENT_TARGET = 15.7;
				MARKETING_VERSION = 1.0;
				PRODUCT_BUNDLE_IDENTIFIER = "software.utilitybelt.diskhog.disk-hogTests";
				PRODUCT_NAME = "$(TARGET_NAME)";
				STRING_CATALOG_GENERATE_SYMBOLS = NO;
				SWIFT_APPROACHABLE_CONCURRENCY = YES;
				SWIFT_EMIT_LOC_STRINGS = NO;
				SWIFT_UPCOMING_FEATURE_MEMBER_IMPORT_VISIBILITY = YES;
				SWIFT_VERSION = 5.0;
				TEST_HOST = "$(BUILT_PRODUCTS_DIR)/disk_hog.app/$(BUNDLE_EXECUTABLE_FOLDER_PATH)/disk_hog";
			};
			name = Release;
		};
		51CD972A2FF09A6800A37403 /* Debug */ = {
			isa = XCBuildConfiguration;
			buildSettings = {
				CODE_SIGN_STYLE = Manual;
				CODE_SIGN_IDENTITY = "Developer ID Application: Utility Belt Software LLC (YC7DSJ848Y)";
				CURRENT_PROJECT_VERSION = 1;
				DEVELOPMENT_TEAM = YC7DSJ848Y;
				GENERATE_INFOPLIST_FILE = YES;
				MARKETING_VERSION = 1.0;
				PRODUCT_BUNDLE_IDENTIFIER = "software.utilitybelt.diskhog.disk-hogUITests";
				PRODUCT_NAME = "$(TARGET_NAME)";
				STRING_CATALOG_GENERATE_SYMBOLS = NO;
				SWIFT_APPROACHABLE_CONCURRENCY = YES;
				SWIFT_EMIT_LOC_STRINGS = NO;
				SWIFT_UPCOMING_FEATURE_MEMBER_IMPORT_VISIBILITY = YES;
				SWIFT_VERSION = 5.0;
				TEST_TARGET_NAME = disk_hog;
			};
			name = Debug;
		};
		51CD972B2FF09A6800A37403 /* Release */ = {
			isa = XCBuildConfiguration;
			buildSettings = {
				CODE_SIGN_STYLE = Manual;
				CODE_SIGN_IDENTITY = "Developer ID Application: Utility Belt Software LLC (YC7DSJ848Y)";
				CURRENT_PROJECT_VERSION = 1;
				DEVELOPMENT_TEAM = YC7DSJ848Y;
				GENERATE_INFOPLIST_FILE = YES;
				MARKETING_VERSION = 1.0;
				PRODUCT_BUNDLE_IDENTIFIER = "software.utilitybelt.diskhog.disk-hogUITests";
				PRODUCT_NAME = "$(TARGET_NAME)";
				STRING_CATALOG_GENERATE_SYMBOLS = NO;
				SWIFT_APPROACHABLE_CONCURRENCY = YES;
				SWIFT_EMIT_LOC_STRINGS = NO;
				SWIFT_UPCOMING_FEATURE_MEMBER_IMPORT_VISIBILITY = YES;
				SWIFT_VERSION = 5.0;
				TEST_TARGET_NAME = disk_hog;
			};
			name = Release;
		};
		A10000000000000000000001 /* Testing */ = {
			isa = XCBuildConfiguration;
			buildSettings = {
				ALWAYS_SEARCH_USER_PATHS = NO;
				ASSETCATALOG_COMPILER_GENERATE_SWIFT_ASSET_SYMBOL_EXTENSIONS = YES;
				CLANG_ANALYZER_NONNULL = YES;
				CLANG_ANALYZER_NUMBER_OBJECT_CONVERSION = YES_AGGRESSIVE;
				CLANG_CXX_LANGUAGE_STANDARD = "gnu++20";
				CLANG_ENABLE_MODULES = YES;
				CLANG_ENABLE_OBJC_ARC = YES;
				CLANG_ENABLE_OBJC_WEAK = YES;
				CLANG_WARN_BLOCK_CAPTURE_AUTORELEASING = YES;
				CLANG_WARN_BOOL_CONVERSION = YES;
				CLANG_WARN_COMMA = YES;
				CLANG_WARN_CONSTANT_CONVERSION = YES;
				CLANG_WARN_DEPRECATED_OBJC_IMPLEMENTATIONS = YES;
				CLANG_WARN_DIRECT_OBJC_ISA_USAGE = YES_ERROR;
				CLANG_WARN_DOCUMENTATION_COMMENTS = YES;
				CLANG_WARN_EMPTY_BODY = YES;
				CLANG_WARN_ENUM_CONVERSION = YES;
				CLANG_WARN_INFINITE_RECURSION = YES;
				CLANG_WARN_INT_CONVERSION = YES;
				CLANG_WARN_NON_LITERAL_NULL_CONVERSION = YES;
				CLANG_WARN_OBJC_IMPLICIT_RETAIN_SELF = YES;
				CLANG_WARN_OBJC_LITERAL_CONVERSION = YES;
				CLANG_WARN_OBJC_ROOT_CLASS = YES_ERROR;
				CLANG_WARN_QUOTED_INCLUDE_IN_FRAMEWORK_HEADER = YES;
				CLANG_WARN_RANGE_LOOP_ANALYSIS = YES;
				CLANG_WARN_STRICT_PROTOTYPES = YES;
				CLANG_WARN_SUSPICIOUS_MOVE = YES;
				CLANG_WARN_UNGUARDED_AVAILABILITY = YES_AGGRESSIVE;
				CLANG_WARN_UNREACHABLE_CODE = YES;
				CLANG_WARN__DUPLICATE_METHOD_MATCH = YES;
				COPY_PHASE_STRIP = NO;
				DEBUG_INFORMATION_FORMAT = dwarf;
				DEVELOPMENT_TEAM = YC7DSJ848Y;
				ENABLE_STRICT_OBJC_MSGSEND = YES;
				ENABLE_TESTABILITY = YES;
				ENABLE_USER_SCRIPT_SANDBOXING = YES;
				GCC_C_LANGUAGE_STANDARD = gnu17;
				GCC_DYNAMIC_NO_PIC = NO;
				GCC_NO_COMMON_BLOCKS = YES;
				GCC_OPTIMIZATION_LEVEL = 0;
				GCC_PREPROCESSOR_DEFINITIONS = (
					"DEBUG=1",
					"$(inherited)",
				);
				GCC_WARN_64_TO_32_BIT_CONVERSION = YES;
				GCC_WARN_ABOUT_RETURN_TYPE = YES_ERROR;
				GCC_WARN_UNDECLARED_SELECTOR = YES;
				GCC_WARN_UNINITIALIZED_AUTOS = YES_AGGRESSIVE;
				GCC_WARN_UNUSED_FUNCTION = YES;
				GCC_WARN_UNUSED_VARIABLE = YES;
				LOCALIZATION_PREFERS_STRING_CATALOGS = YES;
				MACOSX_DEPLOYMENT_TARGET = 15.7;
				MTL_ENABLE_DEBUG_INFO = INCLUDE_SOURCE;
				MTL_FAST_MATH = YES;
				ONLY_ACTIVE_ARCH = YES;
				SDKROOT = macosx;
				SWIFT_ACTIVE_COMPILATION_CONDITIONS = "DEBUG $(inherited)";
				SWIFT_OPTIMIZATION_LEVEL = "-Onone";
			};
			name = Testing;
		};

		A10000000000000000000002 /* Testing */ = {
			isa = XCBuildConfiguration;
			buildSettings = {
				ASSETCATALOG_COMPILER_APPICON_NAME = AppIcon;
				ASSETCATALOG_COMPILER_GLOBAL_ACCENT_COLOR_NAME = AccentColor;
				CODE_SIGN_STYLE = Manual;
				CODE_SIGN_IDENTITY = "Developer ID Application: Utility Belt Software LLC (YC7DSJ848Y)";
				COMBINE_HIDPI_IMAGES = YES;
				CURRENT_PROJECT_VERSION = 1;
				DEVELOPMENT_TEAM = YC7DSJ848Y;
				ENABLE_APP_SANDBOX = NO;
				ENABLE_HARDENED_RUNTIME = YES;
				ENABLE_PREVIEWS = YES;
				ENABLE_USER_SELECTED_FILES = readwrite;
				GENERATE_INFOPLIST_FILE = YES;
				INFOPLIST_KEY_LSApplicationCategoryType = "public.app-category.productivity";
				INFOPLIST_KEY_NSHumanReadableCopyright = "";
				LD_RUNPATH_SEARCH_PATHS = (
					"$(inherited)",
					"@executable_path/../Frameworks",
				);
				MACOSX_DEPLOYMENT_TARGET = 14.6;
				MARKETING_VERSION = 1.0;
				"OTHER_SWIFT_FLAGS[arch=*]" = "-DSCAN_PERFORMANCE_PROFILING -DFILE_MATCHING_DIAGNOSTICS";
				DISKHOG_APP_BUNDLE_IDENTIFIER = software.utilitybelt.diskhog.testhost;
				INFOPLIST_KEY_CFBundleDisplayName = "Disk Hog Test Host";
				PRODUCT_BUNDLE_IDENTIFIER = "$(DISKHOG_APP_BUNDLE_IDENTIFIER)";
				PRODUCT_NAME = "$(TARGET_NAME)";
				REGISTER_APP_GROUPS = YES;
				STRING_CATALOG_GENERATE_SYMBOLS = YES;
				SWIFT_APPROACHABLE_CONCURRENCY = YES;
				SWIFT_DEFAULT_ACTOR_ISOLATION = MainActor;
				SWIFT_EMIT_LOC_STRINGS = YES;
				SWIFT_UPCOMING_FEATURE_MEMBER_IMPORT_VISIBILITY = YES;
				SWIFT_VERSION = 5.0;
			};
			name = Testing;
		};

		A10000000000000000000003 /* Testing */ = {
			isa = XCBuildConfiguration;
			buildSettings = {
				BUNDLE_LOADER = "$(TEST_HOST)";
				CODE_SIGN_STYLE = Manual;
				CODE_SIGN_IDENTITY = "Developer ID Application: Utility Belt Software LLC (YC7DSJ848Y)";
				CURRENT_PROJECT_VERSION = 1;
				DEVELOPMENT_TEAM = YC7DSJ848Y;
				GENERATE_INFOPLIST_FILE = YES;
				MACOSX_DEPLOYMENT_TARGET = 15.7;
				MARKETING_VERSION = 1.0;
				PRODUCT_BUNDLE_IDENTIFIER = "software.utilitybelt.diskhog.disk-hogTests";
				PRODUCT_NAME = "$(TARGET_NAME)";
				STRING_CATALOG_GENERATE_SYMBOLS = NO;
				SWIFT_APPROACHABLE_CONCURRENCY = YES;
				SWIFT_EMIT_LOC_STRINGS = NO;
				SWIFT_UPCOMING_FEATURE_MEMBER_IMPORT_VISIBILITY = YES;
				SWIFT_VERSION = 5.0;
				TEST_HOST = "$(BUILT_PRODUCTS_DIR)/disk_hog.app/$(BUNDLE_EXECUTABLE_FOLDER_PATH)/disk_hog";
			};
			name = Testing;
		};

		A10000000000000000000004 /* Testing */ = {
			isa = XCBuildConfiguration;
			buildSettings = {
				CODE_SIGN_STYLE = Manual;
				CODE_SIGN_IDENTITY = "Developer ID Application: Utility Belt Software LLC (YC7DSJ848Y)";
				CURRENT_PROJECT_VERSION = 1;
				DEVELOPMENT_TEAM = YC7DSJ848Y;
				GENERATE_INFOPLIST_FILE = YES;
				MARKETING_VERSION = 1.0;
				PRODUCT_BUNDLE_IDENTIFIER = "software.utilitybelt.diskhog.disk-hogUITests";
				PRODUCT_NAME = "$(TARGET_NAME)";
				STRING_CATALOG_GENERATE_SYMBOLS = NO;
				SWIFT_APPROACHABLE_CONCURRENCY = YES;
				SWIFT_EMIT_LOC_STRINGS = NO;
				SWIFT_UPCOMING_FEATURE_MEMBER_IMPORT_VISIBILITY = YES;
				SWIFT_VERSION = 5.0;
				TEST_TARGET_NAME = disk_hog;
			};
			name = Testing;
		};

/* End XCBuildConfiguration section */

/* Begin XCConfigurationList section */
		51CD96FD2FF09A6500A37403 /* Build configuration list for PBXProject "disk_hog" */ = {
			isa = XCConfigurationList;
			buildConfigurations = (
				51CD97212FF09A6800A37403 /* Debug */,
				A10000000000000000000001 /* Testing */,
				51CD97222FF09A6800A37403 /* Release */,
			);
			defaultConfigurationIsVisible = 0;
			defaultConfigurationName = Release;
		};
		51CD97232FF09A6800A37403 /* Build configuration list for PBXNativeTarget "disk_hog" */ = {
			isa = XCConfigurationList;
			buildConfigurations = (
				51CD97242FF09A6800A37403 /* Debug */,
				A10000000000000000000002 /* Testing */,
				51CD97252FF09A6800A37403 /* Release */,
			);
			defaultConfigurationIsVisible = 0;
			defaultConfigurationName = Release;
		};
		51CD97262FF09A6800A37403 /* Build configuration list for PBXNativeTarget "disk_hogTests" */ = {
			isa = XCConfigurationList;
			buildConfigurations = (
				51CD97272FF09A6800A37403 /* Debug */,
				A10000000000000000000003 /* Testing */,
				51CD97282FF09A6800A37403 /* Release */,
			);
			defaultConfigurationIsVisible = 0;
			defaultConfigurationName = Release;
		};
		51CD97292FF09A6800A37403 /* Build configuration list for PBXNativeTarget "disk_hogUITests" */ = {
			isa = XCConfigurationList;
			buildConfigurations = (
				51CD972A2FF09A6800A37403 /* Debug */,
				A10000000000000000000004 /* Testing */,
				51CD972B2FF09A6800A37403 /* Release */,
			);
			defaultConfigurationIsVisible = 0;
			defaultConfigurationName = Release;
		};
/* End XCConfigurationList section */
	};
	rootObject = 51CD96FA2FF09A6500A37403 /* Project object */;
}
